
Microsoft Visual Studio Solution File, Format Version 12.00
# Visual Studio Version 17
VisualStudioVersion = 17.0.31903.59
MinimumVisualStudioVersion = 10.0.40219.1
Project("{FAE04EC0-301F-11D3-BF4B-00C04F79EFBC}") = "ModernAPI.Domain", "ModernAPI.Domain\ModernAPI.Domain.csproj", "{E1238B43-471E-44C3-8FA7-C7A57007EFA9}"
EndProject
Project("{FAE04EC0-301F-11D3-BF4B-00C04F79EFBC}") = "ModernAPI.Application", "ModernAPI.Application\ModernAPI.Application.csproj", "{B8EA1B4C-13B0-44AA-A081-28B92E3932AB}"
EndProject
Project("{FAE04EC0-301F-11D3-BF4B-00C04F79EFBC}") = "ModernAPI.Infrastructure", "ModernAPI.Infrastructure\ModernAPI.Infrastructure.csproj", "{B9257468-0BD5-4563-9A72-D8501CE41749}"
EndProject
Project("{FAE04EC0-301F-11D3-BF4B-00C04F79EFBC}") = "ModernAPI.API", "ModernAPI.API\ModernAPI.API.csproj", "{B8B70BAF-98AF-439E-8F2F-2EECFCE1F117}"
EndProject
Project("{2150E333-8FDC-42A3-9474-1A3956D46DE8}") = "tests", "tests", "{0AB3BF05-4346-4AA6-1389-037BE0695223}"
EndProject
Project("{FAE04EC0-301F-11D3-BF4B-00C04F79EFBC}") = "ModernAPI.Domain.Tests", "tests\ModernAPI.Domain.Tests\ModernAPI.Domain.Tests.csproj", "{942C46F9-7FBF-43B6-B618-D54604DF1231}"
EndProject
Project("{FAE04EC0-301F-11D3-BF4B-00C04F79EFBC}") = "ModernAPI.Application.Tests", "tests\ModernAPI.Application.Tests\ModernAPI.Application.Tests.csproj", "{C24B4CC6-F81A-45A9-9E6A-02BAE353BE46}"
EndProject
Project("{FAE04EC0-301F-11D3-BF4B-00C04F79EFBC}") = "ModernAPI.Infrastructure.Tests", "tests\ModernAPI.Infrastructure.Tests\ModernAPI.Infrastructure.Tests.csproj", "{A5C8CED2-A5B1-4DE1-ABDE-CB578C893425}"
EndProject
Project("{FAE04EC0-301F-11D3-BF4B-00C04F79EFBC}") = "ModernAPI.API.Tests", "tests\ModernAPI.API.Tests\ModernAPI.API.Tests.csproj", "{C1F5856F-BE2E-47E2-ADCE-6DE9183DEAA3}"
EndProject
Project("{FAE04EC0-301F-11D3-BF4B-00C04F79EFBC}") = "ModernAPI.IntegrationTests", "tests\ModernAPI.IntegrationTests\ModernAPI.IntegrationTests.csproj", "{C093E25E-4256-4D31-BAFA-94F7644B2080}"
EndProject
Global
	GlobalSection(SolutionConfigurationPlatforms) = preSolution
		Debug|Any CPU = Debug|Any CPU
		Debug|x64 = Debug|x64
		Debug|x86 = Debug|x86
		Release|Any CPU = Release|Any CPU
		Release|x64 = Release|x64
		Release|x86 = Release|x86
	EndGlobalSection
	GlobalSection(ProjectConfigurationPlatforms) = postSolution
		{E1238B43-471E-44C3-8FA7-C7A57007EFA9}.Debug|Any CPU.ActiveCfg = Debug|Any CPU
		{E1238B43-471E-44C3-8FA7-C7A57007EFA9}.Debug|Any CPU.Build.0 = Debug|Any CPU
		{E1238B43-471E-44C3-8FA7-C7A57007EFA9}.Debug|x64.ActiveCfg = Debug|Any CPU
		{E1238B43-471E-44C3-8FA7-C7A57007EFA9}.Debug|x64.Build.0 = Debug|Any CPU
		{E1238B43-471E-44C3-8FA7-C7A57007EFA9}.Debug|x86.ActiveCfg = Debug|Any CPU
		{E1238B43-471E-44C3-8FA7-C7A57007EFA9}.Debug|x86.Build.0 = Debug|Any CPU
		{E1238B43-471E-44C3-8FA7-C7A57007EFA9}.Release|Any CPU.ActiveCfg = Release|Any CPU
		{E1238B43-471E-44C3-8FA7-C7A57007EFA9}.Release|Any CPU.Build.0 = Release|Any CPU
		{E1238B43-471E-44C3-8FA7-C7A57007EFA9}.Release|x64.ActiveCfg = Release|Any CPU
		{E1238B43-471E-44C3-8FA7-C7A57007EFA9}.Release|x64.Build.0 = Release|Any CPU
		{E1238B43-471E-44C3-8FA7-C7A57007EFA9}.Release|x86.ActiveCfg = Release|Any CPU
		{E1238B43-471E-44C3-8FA7-C7A57007EFA9}.Release|x86.Build.0 = Release|Any CPU
		{B8EA1B4C-13B0-44AA-A081-28B92E3932AB}.Debug|Any CPU.ActiveCfg = Debug|Any CPU
		{B8EA1B4C-13B0-44AA-A081-28B92E3932AB}.Debug|Any CPU.Build.0 = Debug|Any CPU
		{B8EA1B4C-13B0-44AA-A081-28B92E3932AB}.Debug|x64.ActiveCfg = Debug|Any CPU
		{B8EA1B4C-13B0-44AA-A081-28B92E3932AB}.Debug|x64.Build.0 = Debug|Any CPU
		{B8EA1B4C-13B0-44AA-A081-28B92E3932AB}.Debug|x86.ActiveCfg = Debug|Any CPU
		{B8EA1B4C-13B0-44AA-A081-28B92E3932AB}.Debug|x86.Build.0 = Debug|Any CPU
		{B8EA1B4C-13B0-44AA-A081-28B92E3932AB}.Release|Any CPU.ActiveCfg = Release|Any CPU
		{B8EA1B4C-13B0-44AA-A081-28B92E3932AB}.Release|Any CPU.Build.0 = Release|Any CPU
		{B8EA1B4C-13B0-44AA-A081-28B92E3932AB}.Release|x64.ActiveCfg = Release|Any CPU
		{B8EA1B4C-13B0-44AA-A081-28B92E3932AB}.Release|x64.Build.0 = Release|Any CPU
		{B8EA1B4C-13B0-44AA-A081-28B92E3932AB}.Release|x86.ActiveCfg = Release|Any CPU
		{B8EA1B4C-13B0-44AA-A081-28B92E3932AB}.Release|x86.Build.0 = Release|Any CPU
		{B9257468-0BD5-4563-9A72-D8501CE41749}.Debug|Any CPU.ActiveCfg = Debug|Any CPU
		{B9257468-0BD5-4563-9A72-D8501CE41749}.Debug|Any CPU.Build.0 = Debug|Any CPU
		{B9257468-0BD5-4563-9A72-D8501CE41749}.Debug|x64.ActiveCfg = Debug|Any CPU
		{B9257468-0BD5-4563-9A72-D8501CE41749}.Debug|x64.Build.0 = Debug|Any CPU
		{B9257468-0BD5-4563-9A72-D8501CE41749}.Debug|x86.ActiveCfg = Debug|Any CPU
		{B9257468-0BD5-4563-9A72-D8501CE41749}.Debug|x86.Build.0 = Debug|Any CPU
		{B9257468-0BD5-4563-9A72-D8501CE41749}.Release|Any CPU.ActiveCfg = Release|Any CPU
		{B9257468-0BD5-4563-9A72-D8501CE41749}.Release|Any CPU.Build.0 = Release|Any CPU
		{B9257468-0BD5-4563-9A72-D8501CE41749}.Release|x64.ActiveCfg = Release|Any CPU
		{B9257468-0BD5-4563-9A72-D8501CE41749}.Release|x64.Build.0 = Release|Any CPU
		{B9257468-0BD5-4563-9A72-D8501CE41749}.Release|x86.ActiveCfg = Release|Any CPU
		{B9257468-0BD5-4563-9A72-D8501CE41749}.Release|x86.Build.0 = Release|Any CPU
		{B8B70BAF-98AF-439E-8F2F-2EECFCE1F117}.Debug|Any CPU.ActiveCfg = Debug|Any CPU
		{B8B70BAF-98AF-439E-8F2F-2EECFCE1F117}.Debug|Any CPU.Build.0 = Debug|Any CPU
		{B8B70BAF-98AF-439E-8F2F-2EECFCE1F117}.Debug|x64.ActiveCfg = Debug|Any CPU
		{B8B70BAF-98AF-439E-8F2F-2EECFCE1F117}.Debug|x64.Build.0 = Debug|Any CPU
		{B8B70BAF-98AF-439E-8F2F-2EECFCE1F117}.Debug|x86.ActiveCfg = Debug|Any CPU
		{B8B70BAF-98AF-439E-8F2F-2EECFCE1F117}.Debug|x86.Build.0 = Debug|Any CPU
		{B8B70BAF-98AF-439E-8F2F-2EECFCE1F117}.Release|Any CPU.ActiveCfg = Release|Any CPU
		{B8B70BAF-98AF-439E-8F2F-2EECFCE1F117}.Release|Any CPU.Build.0 = Release|Any CPU
		{B8B70BAF-98AF-439E-8F2F-2EECFCE1F117}.Release|x64.ActiveCfg = Release|Any CPU
		{B8B70BAF-98AF-439E-8F2F-2EECFCE1F117}.Release|x64.Build.0 = Release|Any CPU
		{B8B70BAF-98AF-439E-8F2F-2EECFCE1F117}.Release|x86.ActiveCfg = Release|Any CPU
		{B8B70BAF-98AF-439E-8F2F-2EECFCE1F117}.Release|x86.Build.0 = Release|Any CPU
		{942C46F9-7FBF-43B6-B618-D54604DF1231}.Debug|Any CPU.ActiveCfg = Debug|Any CPU
		{942C46F9-7FBF-43B6-B618-D54604DF1231}.Debug|Any CPU.Build.0 = Debug|Any CPU
		{942C46F9-7FBF-43B6-B618-D54604DF1231}.Debug|x64.ActiveCfg = Debug|Any CPU
		{942C46F9-7FBF-43B6-B618-D54604DF1231}.Debug|x64.Build.0 = Debug|Any CPU
		{942C46F9-7FBF-43B6-B618-D54604DF1231}.Debug|x86.ActiveCfg = Debug|Any CPU
		{942C46F9-7FBF-43B6-B618-D54604DF1231}.Debug|x86.Build.0 = Debug|Any CPU
		{942C46F9-7FBF-43B6-B618-D54604DF1231}.Release|Any CPU.ActiveCfg = Release|Any CPU
		{942C46F9-7FBF-43B6-B618-D54604DF1231}.Release|Any CPU.Build.0 = Release|Any CPU
		{942C46F9-7FBF-43B6-B618-D54604DF1231}.Release|x64.ActiveCfg = Release|Any CPU
		{942C46F9-7FBF-43B6-B618-D54604DF1231}.Release|x64.Build.0 = Release|Any CPU
		{942C46F9-7FBF-43B6-B618-D54604DF1231}.Release|x86.ActiveCfg = Release|Any CPU
		{942C46F9-7FBF-43B6-B618-D54604DF1231}.Release|x86.Build.0 = Release|Any CPU
		{C24B4CC6-F81A-45A9-9E6A-02BAE353BE46}.Debug|Any CPU.ActiveCfg = Debug|Any CPU
		{C24B4CC6-F81A-45A9-9E6A-02BAE353BE46}.Debug|Any CPU.Build.0 = Debug|Any CPU
		{C24B4CC6-F81A-45A9-9E6A-02BAE353BE46}.Debug|x64.ActiveCfg = Debug|Any CPU
		{C24B4CC6-F81A-45A9-9E6A-02BAE353BE46}.Debug|x64.Build.0 = Debug|Any CPU
		{C24B4CC6-F81A-45A9-9E6A-02BAE353BE46}.Debug|x86.ActiveCfg = Debug|Any CPU
		{C24B4CC6-F81A-45A9-9E6A-02BAE353BE46}.Debug|x86.Build.0 = Debug|Any CPU
		{C24B4CC6-F81A-45A9-9E6A-02BAE353BE46}.Release|Any CPU.ActiveCfg = Release|Any CPU
		{C24B4CC6-F81A-45A9-9E6A-02BAE353BE46}.Release|Any CPU.Build.0 = Release|Any CPU
		{C24B4CC6-F81A-45A9-9E6A-02BAE353BE46}.Release|x64.ActiveCfg = Release|Any CPU
		{C24B4CC6-F81A-45A9-9E6A-02BAE353BE46}.Release|x64.Build.0 = Release|Any CPU
		{C24B4CC6-F81A-45A9-9E6A-02BAE353BE46}.Release|x86.ActiveCfg = Release|Any CPU
		{C24B4CC6-F81A-45A9-9E6A-02BAE353BE46}.Release|x86.Build.0 = Release|Any CPU
		{A5C8CED2-A5B1-4DE1-ABDE-CB578C893425}.Debug|Any CPU.ActiveCfg = Debug|Any CPU
		{A5C8CED2-A5B1-4DE1-ABDE-CB578C893425}.Debug|Any CPU.Build.0 = Debug|Any CPU
		{A5C8CED2-A5B1-4DE1-ABDE-CB578C893425}.Debug|x64.ActiveCfg = Debug|Any CPU
		{A5C8CED2-A5B1-4DE1-ABDE-CB578C893425}.Debug|x64.Build.0 = Debug|Any CPU
		{A5C8CED2-A5B1-4DE1-ABDE-CB578C893425}.Debug|x86.ActiveCfg = Debug|Any CPU
		{A5C8CED2-A5B1-4DE1-ABDE-CB578C893425}.Debug|x86.Build.0 = Debug|Any CPU
		{A5C8CED2-A5B1-4DE1-ABDE-CB578C893425}.Release|Any CPU.ActiveCfg = Release|Any CPU
		{A5C8CED2-A5B1-4DE1-ABDE-CB578C893425}.Release|Any CPU.Build.0 = Release|Any CPU
		{A5C8CED2-A5B1-4DE1-ABDE-CB578C893425}.Release|x64.ActiveCfg = Release|Any CPU
		{A5C8CED2-A5B1-4DE1-ABDE-CB578C893425}.Release|x64.Build.0 = Release|Any CPU
		{A5C8CED2-A5B1-4DE1-ABDE-CB578C893425}.Release|x86.ActiveCfg = Release|Any CPU
		{A5C8CED2-A5B1-4DE1-ABDE-CB578C893425}.Release|x86.Build.0 = Release|Any CPU
		{C1F5856F-BE2E-47E2-ADCE-6DE9183DEAA3}.Debug|Any CPU.ActiveCfg = Debug|Any CPU
		{C1F5856F-BE2E-47E2-ADCE-6DE9183DEAA3}.Debug|Any CPU.Build.0 = Debug|Any CPU
		{C1F5856F-BE2E-47E2-ADCE-6DE9183DEAA3}.Debug|x64.ActiveCfg = Debug|Any CPU
		{C1F5856F-BE2E-47E2-ADCE-6DE9183DEAA3}.Debug|x64.Build.0 = Debug|Any CPU
		{C1F5856F-BE2E-47E2-ADCE-6DE9183DEAA3}.Debug|x86.ActiveCfg = Debug|Any CPU
		{C1F5856F-BE2E-47E2-ADCE-6DE9183DEAA3}.Debug|x86.Build.0 = Debug|Any CPU
		{C1F5856F-BE2E-47E2-ADCE-6DE9183DEAA3}.Release|Any CPU.ActiveCfg = Release|Any CPU
		{C1F5856F-BE2E-47E2-ADCE-6DE9183DEAA3}.Release|Any CPU.Build.0 = Release|Any CPU
		{C1F5856F-BE2E-47E2-ADCE-6DE9183DEAA3}.Release|x64.ActiveCfg = Release|Any CPU
		{C1F5856F-BE2E-47E2-ADCE-6DE9183DEAA3}.Release|x64.Build.0 = Release|Any CPU
		{C1F5856F-BE2E-47E2-ADCE-6DE9183DEAA3}.Release|x86.ActiveCfg = Release|Any CPU
		{C1F5856F-BE2E-47E2-ADCE-6DE9183DEAA3}.Release|x86.Build.0 = Release|Any CPU
		{C093E25E-4256-4D31-BAFA-94F7644B2080}.Debug|Any CPU.ActiveCfg = Debug|Any CPU
		{C093E25E-4256-4D31-BAFA-94F7644B2080}.Debug|x64.ActiveCfg = Debug|Any CPU
		{C093E25E-4256-4D31-BAFA-94F7644B2080}.Debug|x86.ActiveCfg = Debug|Any CPU
		{C093E25E-4256-4D31-BAFA-94F7644B2080}.Release|Any CPU.ActiveCfg = Release|Any CPU
		{C093E25E-4256-4D31-BAFA-94F7644B2080}.Release|x64.ActiveCfg = Release|Any CPU
		{C093E25E-4256-4D31-BAFA-94F7644B2080}.Release|x86.ActiveCfg = Release|Any CPU
	EndGlobalSection
	GlobalSection(SolutionProperties) = preSolution
		HideSolutionNode = FALSE
	EndGlobalSection
	GlobalSection(NestedProjects) = preSolution
		{942C46F9-7FBF-43B6-B618-D54604DF1231} = {0AB3BF05-4346-4AA6-1389-037BE0695223}
		{C24B4CC6-F81A-45A9-9E6A-02BAE353BE46} = {0AB3BF05-4346-4AA6-1389-037BE0695223}
		{A5C8CED2-A5B1-4DE1-ABDE-CB578C893425} = {0AB3BF05-4346-4AA6-1389-037BE0695223}
		{C1F5856F-BE2E-47E2-ADCE-6DE9183DEAA3} = {0AB3BF05-4346-4AA6-1389-037BE0695223}
		{C093E25E-4256-4D31-BAFA-94F7644B2080} = {0AB3BF05-4346-4AA6-1389-037BE0695223}
	EndGlobalSection
EndGlobal
